
Microsoft Visual Studio Solution File, Format Version 12.00
# Visual Studio 15
VisualStudioVersion = 15.0.28010.2026
MinimumVisualStudioVersion = 10.0.40219.1
Project("{FAE04EC0-301F-11D3-BF4B-00C04F79EFBC}") = "Propking.Api", "Propking.Api\Propking.Api.csproj", "{421283E1-D351-488C-BD75-5BD0EFDB8837}"
EndProject
Global
	GlobalSection(SolutionConfigurationPlatforms) = preSolution
		Debug|Any CPU = Debug|Any CPU
		Release|Any CPU = Release|Any CPU
	EndGlobalSection
	GlobalSection(ProjectConfigurationPlatforms) = postSolution
		{421283E1-D351-488C-BD75-5BD0EFDB8837}.Debug|Any CPU.ActiveCfg = Debug|Any CPU
		{421283E1-D351-488C-BD75-5BD0EFDB8837}.Debug|Any CPU.Build.0 = Debug|Any CPU
		{421283E1-D351-488C-BD75-5BD0EFDB8837}.Release|Any CPU.ActiveCfg = Release|Any CPU
		{421283E1-D351-488C-BD75-5BD0EFDB8837}.Release|Any CPU.Build.0 = Release|Any CPU
	EndGlobalSection
	GlobalSection(SolutionProperties) = preSolution
		HideSolutionNode = FALSE
	EndGlobalSection
	GlobalSection(ExtensibilityGlobals) = postSolution
		SolutionGuid = {DD5C0BFB-17D3-4F20-9090-4698876AA748}
	EndGlobalSection
EndGlobal
